Microsoft Visual Studio Solution File, Format Version 12.00
# Visual Studio 2012
Project("{FAE04EC0-301F-11D3-BF4B-00C04F79EFBC}") = "Crowd Surfers V1.0", "Crowd Surfers V1.0.csproj", "{55105C60-892B-471D-B9DC-7A98521F7DFE}"
EndProject
Global
	GlobalSection(SolutionConfigurationPlatforms) = preSolution
	Debug|Any CPU = Debug|Any CPU
	ExportDebug|Any CPU = ExportDebug|Any CPU
	ExportRelease|Any CPU = ExportRelease|Any CPU
	EndGlobalSection
	GlobalSection(ProjectConfigurationPlatforms) = postSolution
		{55105C60-892B-471D-B9DC-7A98521F7DFE}.Debug|Any CPU.ActiveCfg = Debug|Any CPU
		{55105C60-892B-471D-B9DC-7A98521F7DFE}.Debug|Any CPU.Build.0 = Debug|Any CPU
		{55105C60-892B-471D-B9DC-7A98521F7DFE}.ExportDebug|Any CPU.ActiveCfg = ExportDebug|Any CPU
		{55105C60-892B-471D-B9DC-7A98521F7DFE}.ExportDebug|Any CPU.Build.0 = ExportDebug|Any CPU
		{55105C60-892B-471D-B9DC-7A98521F7DFE}.ExportRelease|Any CPU.ActiveCfg = ExportRelease|Any CPU
		{55105C60-892B-471D-B9DC-7A98521F7DFE}.ExportRelease|Any CPU.Build.0 = ExportRelease|Any CPU
	EndGlobalSection
EndGlobal
